// !$*UTF8*$!
{
	archiveVersion = 1;
	classes = {
	};
	objectVersion = 46;
	objects = {

/* Begin PBXBuildFile section */
		DEAF68851EF1AECF00F2F565 /* AppDelegate.swift in Sources */ = {isa = PBXBuildFile; fileRef = DEAF68841EF1AECF00F2F565 /* AppDelegate.swift */; };
		DEAF68871EF1AECF00F2F565 /* ViewController.swift in Sources */ = {isa = PBXBuildFile; fileRef = DEAF68861EF1AECF00F2F565 /* ViewController.swift */; };
		DEAF688A1EF1AECF00F2F565 /* Main.storyboard in Resources */ = {isa = PBXBuildFile; fileRef = DEAF68881EF1AECF00F2F565 /* Main.storyboard */; };
		DEAF688C1EF1AECF00F2F565 /* Assets.xcassets in Resources */ = {isa = PBXBuildFile; fileRef = DEAF688B1EF1AECF00F2F565 /* Assets.xcassets */; };
		DEAF688F1EF1AECF00F2F565 /* LaunchScreen.storyboard in Resources */ = {isa = PBXBuildFile; fileRef = DEAF688D1EF1AECF00F2F565 /* LaunchScreen.storyboard */; };
/* End PBXBuildFile section */

/* Begin PBXFileReference section */
		DEAF68811EF1AECF00F2F565 /* GitHubRepos.app */ = {isa = PBXFileReference; explicitFileType = wrapper.application; includeInIndex = 0; path = GitHubRepos.app; sourceTree = BUILT_PRODUCTS_DIR; };
		DEAF68841EF1AECF00F2F565 /* AppDelegate.swift */ = {isa = PBXFileReference; lastKnownFileType = sourcecode.swift; path = AppDelegate.swift; sourceTree = "<group>"; };
		DEAF68861EF1AECF00F2F565 /* ViewController.swift */ = {isa = PBXFileReference; lastKnownFileType = sourcecode.swift; path = ViewController.swift; sourceTree = "<group>"; };
		DEAF68891EF1AECF00F2F565 /* Base */ = {isa = PBXFileReference; lastKnownFileType = file.storyboard; name = Base; path = Base.lproj/Main.storyboard; sourceTree = "<group>"; };
		DEAF688B1EF1AECF00F2F565 /* Assets.xcassets */ = {isa = PBXFileReference; lastKnownFileType = folder.assetcatalog; path = Assets.xcassets; sourceTree = "<group>"; };
		DEAF688E1EF1AECF00F2F565 /* Base */ = {isa = PBXFileReference; lastKnownFileType = file.storyboard; name = Base; path = Base.lproj/LaunchScreen.storyboard; sourceTree = "<group>"; };
		DEAF68901EF1AECF00F2F565 /* Info.plist */ = {isa = PBXFileReference; lastKnownFileType = text.plist.xml; path = Info.plist; sourceTree = "<group>"; };
/* End PBXFileReference section */

/* Begin PBXFrameworksBuildPhase section */
		DEAF687E1EF1AECF00F2F565 /* Frameworks */ = {
			isa = PBXFrameworksBuildPhase;
			buildActionMask = 2147483647;
			files = (
			);
			runOnlyForDeploymentPostprocessing = 0;
		};
/* End PBXFrameworksBuildPhase section */

/* Begin PBXGroup section */
		DEAF68781EF1AECF00F2F565 = {
			isa = PBXGroup;
			children = (
				DEAF68831EF1AECF00F2F565 /* GitHubRepos */,
				DEAF68821EF1AECF00F2F565 /* Products */,
			);
			sourceTree = "<group>";
		};
		DEAF68821EF1AECF00F2F565 /* Products */ = {
			isa = PBXGroup;
			children = (
				DEAF68811EF1AECF00F2F565 /* GitHubRepos.app */,
			);
			name = Products;
			sourceTree = "<group>";
		};
		DEAF68831EF1AECF00F2F565 /* GitHubRepos */ = {
			isa = PBXGroup;
			children = (
				DEAF68841EF1AECF00F2F565 /* AppDelegate.swift */,
				DEAF68861EF1AECF00F2F565 /* ViewController.swift */,
				DEAF68881EF1AECF00F2F565 /* Main.storyboard */,
				DEAF688B1EF1AECF00F2F565 /* Assets.xcassets */,
				DEAF688D1EF1AECF00F2F565 /* LaunchScreen.storyboard */,
				DEAF68901EF1AECF00F2F565 /* Info.plist */,
			);
			path = GitHubRepos;
			sourceTree = "<group>";
		};
/* End PBXGroup section */

/* Begin PBXNativeTarget section */
		DEAF68801EF1AECF00F2F565 /* GitHubRepos */ = {
			isa = PBXNativeTarget;
			buildConfigurationList = DEAF68931EF1AECF00F2F565 /* Build configuration list for PBXNativeTarget "GitHubRepos" */;
			buildPhases = (
				DEAF687D1EF1AECF00F2F565 /* Sources */,
				DEAF687E1EF1AECF00F2F565 /* Frameworks */,
				DEAF687F1EF1AECF00F2F565 /* Resources */,
			);
			buildRules = (
			);
			dependencies = (
			);
			name = GitHubRepos;
			productName = GitHubRepos;
			productReference = DEAF68811EF1AECF00F2F565 /* GitHubRepos.app */;
			productType = "com.apple.product-type.application";
		};
/* End PBXNativeTarget section */

/* Begin PBXProject section */
		DEAF68791EF1AECF00F2F565 /* Project object */ = {
			isa = PBXProject;
			attributes = {
				LastSwiftUpdateCheck = 0830;
				LastUpgradeCheck = 0830;
				ORGANIZATIONNAME = seymotom;
				TargetAttributes = {
					DEAF68801EF1AECF00F2F565 = {
						CreatedOnToolsVersion = 8.3.3;
						ProvisioningStyle = Automatic;
					};
				};
			};
			buildConfigurationList = DEAF687C1EF1AECF00F2F565 /* Build configuration list for PBXProject "GitHubRepos" */;
			compatibilityVersion = "Xcode 3.2";
			developmentRegion = English;
			hasScannedForEncodings = 0;
			knownRegions = (
				en,
				Base,
			);
			mainGroup = DEAF68781EF1AECF00F2F565;
			productRefGroup = DEAF68821EF1AECF00F2F565 /* Products */;
			projectDirPath = "";
			projectRoot = "";
			targets = (
				DEAF68801EF1AECF00F2F565 /* GitHubRepos */,
			);
		};
/* End PBXProject section */

/* Begin PBXResourcesBuildPhase section */
		DEAF687F1EF1AECF00F2F565 /* Resources */ = {
			isa = PBXResourcesBuildPhase;
			buildActionMask = 2147483647;
			files = (
				DEAF688F1EF1AECF00F2F565 /* LaunchScreen.storyboard in Resources */,
				DEAF688C1EF1AECF00F2F565 /* Assets.xcassets in Resources */,
				DEAF688A1EF1AECF00F2F565 /* Main.storyboard in Resources */,
			);
			runOnlyForDeploymentPostprocessing = 0;
		};
/* End PBXResourcesBuildPhase section */

/* Begin PBXSourcesBuildPhase section */
		DEAF687D1EF1AECF00F2F565 /* Sources */ = {
			isa = PBXSourcesBuildPhase;
			buildActionMask = 2147483647;
			files = (
				DEAF68871EF1AECF00F2F565 /* ViewController.swift in Sources */,
				DEAF68851EF1AECF00F2F565 /* AppDelegate.swift in Sources */,
			);
			runOnlyForDeploymentPostprocessing = 0;
		};
/* End PBXSourcesBuildPhase section */

/* Begin PBXVariantGroup section */
		DEAF68881EF1AECF00F2F565 /* Main.storyboard */ = {
			isa = PBXVariantGroup;
			children = (
				DEAF68891EF1AECF00F2F565 /* Base */,
			);
			name = Main.storyboard;
			sourceTree = "<group>";
		};
		DEAF688D1EF1AECF00F2F565 /* LaunchScreen.storyboard */ = {
			isa = PBXVariantGroup;
			children = (
				DEAF688E1EF1AECF00F2F565 /* Base */,
			);
			name = LaunchScreen.storyboard;
			sourceTree = "<group>";
		};
/* End PBXVariantGroup section */

/* Begin XCBuildConfiguration section */
		DEAF68911EF1AECF00F2F565 /* Debug */ = {
			isa = XCBuildConfiguration;
			buildSettings = {
				ALWAYS_SEARCH_USER_PATHS = NO;
				CLANG_ANALYZER_NONNULL = YES;
				CLANG_ANALYZER_NUMBER_OBJECT_CONVERSION = YES_AGGRESSIVE;
				CLANG_CXX_LANGUAGE_STANDARD = "gnu++0x";
				CLANG_CXX_LIBRARY = "libc++";
				CLANG_ENABLE_MODULES = YES;
				CLANG_ENABLE_OBJC_ARC = YES;
				CLANG_WARN_BOOL_CONVERSION = YES;
				CLANG_WARN_CONSTANT_CONVERSION = YES;
				CLANG_WARN_DIRECT_OBJC_ISA_USAGE = YES_ERROR;
				CLANG_WARN_DOCUMENTATION_COMMENTS = YES;
				CLANG_WARN_EMPTY_BODY = YES;
				CLANG_WARN_ENUM_CONVERSION = YES;
				CLANG_WARN_INFINITE_RECURSION = YES;
				CLANG_WARN_INT_CONVERSION = YES;
				CLANG_WARN_OBJC_ROOT_CLASS = YES_ERROR;
				CLANG_WARN_SUSPICIOUS_MOVE = YES;
				CLANG_WARN_UNREACHABLE_CODE = YES;
				CLANG_WARN__DUPLICATE_METHOD_MATCH = YES;
				"CODE_SIGN_IDENTITY[sdk=iphoneos*]" = "iPhone Developer";
				COPY_PHASE_STRIP = NO;
				DEBUG_INFORMATION_FORMAT = dwarf;
				ENABLE_STRICT_OBJC_MSGSEND = YES;
				ENABLE_TESTABILITY = YES;
				GCC_C_LANGUAGE_STANDARD = gnu99;
				GCC_DYNAMIC_NO_PIC = NO;
				GCC_NO_COMMON_BLOCKS = YES;
				GCC_OPTIMIZATION_LEVEL = 0;
				GCC_PREPROCESSOR_DEFINITIONS = (
					"DEBUG=1",
					"$(inherited)",
				);
				GCC_WARN_64_TO_32_BIT_CONVERSION = YES;
				GCC_WARN_ABOUT_RETURN_TYPE = YES_ERROR;
				GCC_WARN_UNDECLARED_SELECTOR = YES;
				GCC_WARN_UNINITIALIZED_AUTOS = YES_AGGRESSIVE;
				GCC_WARN_UNUSED_FUNCTION = YES;
				GCC_WARN_UNUSED_VARIABLE = YES;
				IPHONEOS_DEPLOYMENT_TARGET = 10.3;
				MTL_ENABLE_DEBUG_INFO = YES;
				ONLY_ACTIVE_ARCH = YES;
				SDKROOT = iphoneos;
				SWIFT_ACTIVE_COMPILATION_CONDITIONS = DEBUG;
				SWIFT_OPTIMIZATION_LEVEL = "-Onone";
				TARGETED_DEVICE_FAMILY = "1,2";
			};
			name = Debug;
		};
		DEAF68921EF1AECF00F2F565 /* Release */ = {
			isa = XCBuildConfiguration;
			buildSettings = {
				ALWAYS_SEARCH_USER_PATHS = NO;
				CLANG_ANALYZER_NONNULL = YES;
				CLANG_ANALYZER_NUMBER_OBJECT_CONVERSION = YES_AGGRESSIVE;
				CLANG_CXX_LANGUAGE_STANDARD = "gnu++0x";
				CLANG_CXX_LIBRARY = "libc++";
				CLANG_ENABLE_MODULES = YES;
				CLANG_ENABLE_OBJC_ARC = YES;
				CLANG_WARN_BOOL_CONVERSION = YES;
				CLANG_WARN_CONSTANT_CONVERSION = YES;
				CLANG_WARN_DIRECT_OBJC_ISA_USAGE = YES_ERROR;
				CLANG_WARN_DOCUMENTATION_COMMENTS = YES;
				CLANG_WARN_EMPTY_BODY = YES;
				CLANG_WARN_ENUM_CONVERSION = YES;
				CLANG_WARN_INFINITE_RECURSION = YES;
				CLANG_WARN_INT_CONVERSION = YES;
				CLANG_WARN_OBJC_ROOT_CLASS = YES_ERROR;
				CLANG_WARN_SUSPICIOUS_MOVE = YES;
				CLANG_WARN_UNREACHABLE_CODE = YES;
				CLANG_WARN__DUPLICATE_METHOD_MATCH = YES;
				"CODE_SIGN_IDENTITY[sdk=iphoneos*]" = "iPhone Developer";
				COPY_PHASE_STRIP = NO;
				DEBUG_INFORMATION_FORMAT = "dwarf-with-dsym";
				ENABLE_NS_ASSERTIONS = NO;
				ENABLE_STRICT_OBJC_MSGSEND = YES;
				GCC_C_LANGUAGE_STANDARD = gnu99;
				GCC_NO_COMMON_BLOCKS = YES;
				GCC_WARN_64_TO_32_BIT_CONVERSION = YES;
				GCC_WARN_ABOUT_RETURN_TYPE = YES_ERROR;
				GCC_WARN_UNDECLARED_SELECTOR = YES;
				GCC_WARN_UNINITIALIZED_AUTOS = YES_AGGRESSIVE;
				GCC_WARN_UNUSED_FUNCTION = YES;
				GCC_WARN_UNUSED_VARIABLE = YES;
				IPHONEOS_DEPLOYMENT_TARGET = 10.3;
				MTL_ENABLE_DEBUG_INFO = NO;
				SDKROOT = iphoneos;
				SWIFT_OPTIMIZATION_LEVEL = "-Owholemodule";
				TARGETED_DEVICE_FAMILY = "1,2";
				VALIDATE_PRODUCT = YES;
			};
			name = Release;
		};
		DEAF68941EF1AECF00F2F565 /* Debug */ = {
			isa = XCBuildConfiguration;
			buildSettings = {
				ASSETCATALOG_COMPILER_APPICON_NAME = AppIcon;
				INFOPLIST_FILE = GitHubRepos/Info.plist;
				LD_RUNPATH_SEARCH_PATHS = "$(inherited) @executable_path/Frameworks";
				PRODUCT_BUNDLE_IDENTIFIER = seymotom.GitHubRepos;
				PRODUCT_NAME = "$(TARGET_NAME)";
				SWIFT_VERSION = 3.0;
			};
			name = Debug;
		};
		DEAF68951EF1AECF00F2F565 /* Release */ = {
			isa = XCBuildConfiguration;
			buildSettings = {
				ASSETCATALOG_COMPILER_APPICON_NAME = AppIcon;
				INFOPLIST_FILE = GitHubRepos/Info.plist;
				LD_RUNPATH_SEARCH_PATHS = "$(inherited) @executable_path/Frameworks";
				PRODUCT_BUNDLE_IDENTIFIER = seymotom.GitHubRepos;
				PRODUCT_NAME = "$(TARGET_NAME)";
				SWIFT_VERSION = 3.0;
			};
			name = Release;
		};
/* End XCBuildConfiguration section */

/* Begin XCConfigurationList section */
		DEAF687C1EF1AECF00F2F565 /* Build configuration list for PBXProject "GitHubRepos" */ = {
			isa = XCConfigurationList;
			buildConfigurations = (
				DEAF68911EF1AECF00F2F565 /* Debug */,
				DEAF68921EF1AECF00F2F565 /* Release */,
			);
			defaultConfigurationIsVisible = 0;
			defaultConfigurationName = Release;
		};
		DEAF68931EF1AECF00F2F565 /* Build configuration list for PBXNativeTarget "GitHubRepos" */ = {
			isa = XCConfigurationList;
			buildConfigurations = (
				DEAF68941EF1AECF00F2F565 /* Debug */,
				DEAF68951EF1AECF00F2F565 /* Release */,
			);
			defaultConfigurationIsVisible = 0;
		};
/* End XCConfigurationList section */
	};
	rootObject = DEAF68791EF1AECF00F2F565 /* Project object */;
}
