// !$*UTF8*$!
{
	archiveVersion = 1;
	classes = {
	};
	objectVersion = 46;
	objects = {

/* Begin PBXBuildFile section */
		69FC6677F10FF6653F3BFE57 /* Pods_GitHubRepos.framework in Frameworks */ = {isa = PBXBuildFile; fileRef = 78776FE02C0CD94AC69574F4 /* Pods_GitHubRepos.framework */; };
		DE1162D91EF4963200F1B44B /* EmptyStateView.swift in Sources */ = {isa = PBXBuildFile; fileRef = DE1162D81EF4963200F1B44B /* EmptyStateView.swift */; };
		DEAD519C1EF56550002486B1 /* DetailLabel.swift in Sources */ = {isa = PBXBuildFile; fileRef = DEAD519B1EF56550002486B1 /* DetailLabel.swift */; };
		DEAF68851EF1AECF00F2F565 /* AppDelegate.swift in Sources */ = {isa = PBXBuildFile; fileRef = DEAF68841EF1AECF00F2F565 /* AppDelegate.swift */; };
		DEAF688C1EF1AECF00F2F565 /* Assets.xcassets in Resources */ = {isa = PBXBuildFile; fileRef = DEAF688B1EF1AECF00F2F565 /* Assets.xcassets */; };
		DEAF688F1EF1AECF00F2F565 /* LaunchScreen.storyboard in Resources */ = {isa = PBXBuildFile; fileRef = DEAF688D1EF1AECF00F2F565 /* LaunchScreen.storyboard */; };
		DEAF68971EF1AF6B00F2F565 /* ReposViewController.swift in Sources */ = {isa = PBXBuildFile; fileRef = DEAF68961EF1AF6B00F2F565 /* ReposViewController.swift */; };
		DEAF689B1EF1B89500F2F565 /* APIManager.swift in Sources */ = {isa = PBXBuildFile; fileRef = DEAF689A1EF1B89500F2F565 /* APIManager.swift */; };
		DEAF689F1EF1BA8A00F2F565 /* RepoTableViewCell.swift in Sources */ = {isa = PBXBuildFile; fileRef = DEAF689E1EF1BA8A00F2F565 /* RepoTableViewCell.swift */; };
		DEAF68A11EF1C1D300F2F565 /* Repo.swift in Sources */ = {isa = PBXBuildFile; fileRef = DEAF68A01EF1C1D300F2F565 /* Repo.swift */; };
		DEAF68A41EF1C62900F2F565 /* User.swift in Sources */ = {isa = PBXBuildFile; fileRef = DEAF68A31EF1C62900F2F565 /* User.swift */; };
		DEAF68A61EF1D0F700F2F565 /* DataManager.swift in Sources */ = {isa = PBXBuildFile; fileRef = DEAF68A51EF1D0F700F2F565 /* DataManager.swift */; };
		DEAF68A81EF32DD400F2F565 /* RepoDetailViewController.swift in Sources */ = {isa = PBXBuildFile; fileRef = DEAF68A71EF32DD400F2F565 /* RepoDetailViewController.swift */; };
		DEAF68AA1EF34BBC00F2F565 /* Link.swift in Sources */ = {isa = PBXBuildFile; fileRef = DEAF68A91EF34BBC00F2F565 /* Link.swift */; };
		DEAF68AC1EF40EE700F2F565 /* Issue.swift in Sources */ = {isa = PBXBuildFile; fileRef = DEAF68AB1EF40EE700F2F565 /* Issue.swift */; };
		DEAF68AE1EF41AC500F2F565 /* IssueDataManager.swift in Sources */ = {isa = PBXBuildFile; fileRef = DEAF68AD1EF41AC500F2F565 /* IssueDataManager.swift */; };
		DEAF68B81EF4438900F2F565 /* RepoDetailView.swift in Sources */ = {isa = PBXBuildFile; fileRef = DEAF68B71EF4438900F2F565 /* RepoDetailView.swift */; };
		DEAF68BC1EF4666500F2F565 /* DetailSegmentedControl.swift in Sources */ = {isa = PBXBuildFile; fileRef = DEAF68BB1EF4666400F2F565 /* DetailSegmentedControl.swift */; };
		DEAF68C01EF47ECD00F2F565 /* PRIssueTableViewCell.swift in Sources */ = {isa = PBXBuildFile; fileRef = DEAF68BF1EF47ECD00F2F565 /* PRIssueTableViewCell.swift */; };
/* End PBXBuildFile section */

/* Begin PBXFileReference section */
		579DCC13EDDCDEA1C7754D82 /* Pods-GitHubRepos.debug.xcconfig */ = {isa = PBXFileReference; includeInIndex = 1; lastKnownFileType = text.xcconfig; name = "Pods-GitHubRepos.debug.xcconfig"; path = "Pods/Target Support Files/Pods-GitHubRepos/Pods-GitHubRepos.debug.xcconfig"; sourceTree = "<group>"; };
		78776FE02C0CD94AC69574F4 /* Pods_GitHubRepos.framework */ = {isa = PBXFileReference; explicitFileType = wrapper.framework; includeInIndex = 0; path = Pods_GitHubRepos.framework; sourceTree = BUILT_PRODUCTS_DIR; };
		B8D7872BC7719068EF402219 /* Pods-GitHubRepos.release.xcconfig */ = {isa = PBXFileReference; includeInIndex = 1; lastKnownFileType = text.xcconfig; name = "Pods-GitHubRepos.release.xcconfig"; path = "Pods/Target Support Files/Pods-GitHubRepos/Pods-GitHubRepos.release.xcconfig"; sourceTree = "<group>"; };
		DE1162D81EF4963200F1B44B /* EmptyStateView.swift */ = {isa = PBXFileReference; fileEncoding = 4; lastKnownFileType = sourcecode.swift; path = EmptyStateView.swift; sourceTree = "<group>"; };
		DEAD519B1EF56550002486B1 /* DetailLabel.swift */ = {isa = PBXFileReference; fileEncoding = 4; lastKnownFileType = sourcecode.swift; path = DetailLabel.swift; sourceTree = "<group>"; };
		DEAF68811EF1AECF00F2F565 /* GitHubRepos.app */ = {isa = PBXFileReference; explicitFileType = wrapper.application; includeInIndex = 0; path = GitHubRepos.app; sourceTree = BUILT_PRODUCTS_DIR; };
		DEAF68841EF1AECF00F2F565 /* AppDelegate.swift */ = {isa = PBXFileReference; lastKnownFileType = sourcecode.swift; path = AppDelegate.swift; sourceTree = "<group>"; };
		DEAF688B1EF1AECF00F2F565 /* Assets.xcassets */ = {isa = PBXFileReference; lastKnownFileType = folder.assetcatalog; path = Assets.xcassets; sourceTree = "<group>"; };
		DEAF688E1EF1AECF00F2F565 /* Base */ = {isa = PBXFileReference; lastKnownFileType = file.storyboard; name = Base; path = Base.lproj/LaunchScreen.storyboard; sourceTree = "<group>"; };
		DEAF68901EF1AECF00F2F565 /* Info.plist */ = {isa = PBXFileReference; lastKnownFileType = text.plist.xml; path = Info.plist; sourceTree = "<group>"; };
		DEAF68961EF1AF6B00F2F565 /* ReposViewController.swift */ = {isa = PBXFileReference; fileEncoding = 4; lastKnownFileType = sourcecode.swift; path = ReposViewController.swift; sourceTree = "<group>"; };
		DEAF689A1EF1B89500F2F565 /* APIManager.swift */ = {isa = PBXFileReference; fileEncoding = 4; lastKnownFileType = sourcecode.swift; path = APIManager.swift; sourceTree = "<group>"; };
		DEAF689E1EF1BA8A00F2F565 /* RepoTableViewCell.swift */ = {isa = PBXFileReference; fileEncoding = 4; lastKnownFileType = sourcecode.swift; path = RepoTableViewCell.swift; sourceTree = "<group>"; };
		DEAF68A01EF1C1D300F2F565 /* Repo.swift */ = {isa = PBXFileReference; fileEncoding = 4; lastKnownFileType = sourcecode.swift; path = Repo.swift; sourceTree = "<group>"; };
		DEAF68A31EF1C62900F2F565 /* User.swift */ = {isa = PBXFileReference; fileEncoding = 4; lastKnownFileType = sourcecode.swift; path = User.swift; sourceTree = "<group>"; };
		DEAF68A51EF1D0F700F2F565 /* DataManager.swift */ = {isa = PBXFileReference; fileEncoding = 4; lastKnownFileType = sourcecode.swift; path = DataManager.swift; sourceTree = "<group>"; };
		DEAF68A71EF32DD400F2F565 /* RepoDetailViewController.swift */ = {isa = PBXFileReference; fileEncoding = 4; lastKnownFileType = sourcecode.swift; path = RepoDetailViewController.swift; sourceTree = "<group>"; };
		DEAF68A91EF34BBC00F2F565 /* Link.swift */ = {isa = PBXFileReference; fileEncoding = 4; lastKnownFileType = sourcecode.swift; path = Link.swift; sourceTree = "<group>"; };
		DEAF68AB1EF40EE700F2F565 /* Issue.swift */ = {isa = PBXFileReference; fileEncoding = 4; lastKnownFileType = sourcecode.swift; path = Issue.swift; sourceTree = "<group>"; };
		DEAF68AD1EF41AC500F2F565 /* IssueDataManager.swift */ = {isa = PBXFileReference; fileEncoding = 4; lastKnownFileType = sourcecode.swift; path = IssueDataManager.swift; sourceTree = "<group>"; };
		DEAF68B71EF4438900F2F565 /* RepoDetailView.swift */ = {isa = PBXFileReference; fileEncoding = 4; lastKnownFileType = sourcecode.swift; path = RepoDetailView.swift; sourceTree = "<group>"; };
		DEAF68BB1EF4666400F2F565 /* DetailSegmentedControl.swift */ = {isa = PBXFileReference; fileEncoding = 4; lastKnownFileType = sourcecode.swift; path = DetailSegmentedControl.swift; sourceTree = "<group>"; };
		DEAF68BF1EF47ECD00F2F565 /* PRIssueTableViewCell.swift */ = {isa = PBXFileReference; fileEncoding = 4; lastKnownFileType = sourcecode.swift; path = PRIssueTableViewCell.swift; sourceTree = "<group>"; };
/* End PBXFileReference section */

/* Begin PBXFrameworksBuildPhase section */
		DEAF687E1EF1AECF00F2F565 /* Frameworks */ = {
			isa = PBXFrameworksBuildPhase;
			buildActionMask = 2147483647;
			files = (
				69FC6677F10FF6653F3BFE57 /* Pods_GitHubRepos.framework in Frameworks */,
			);
			runOnlyForDeploymentPostprocessing = 0;
		};
/* End PBXFrameworksBuildPhase section */

/* Begin PBXGroup section */
		60367DE4F99C887F24870C86 /* Frameworks */ = {
			isa = PBXGroup;
			children = (
				78776FE02C0CD94AC69574F4 /* Pods_GitHubRepos.framework */,
			);
			name = Frameworks;
			sourceTree = "<group>";
		};
		94029A0228E0DEFF31F0E3D3 /* Pods */ = {
			isa = PBXGroup;
			children = (
				579DCC13EDDCDEA1C7754D82 /* Pods-GitHubRepos.debug.xcconfig */,
				B8D7872BC7719068EF402219 /* Pods-GitHubRepos.release.xcconfig */,
			);
			name = Pods;
			sourceTree = "<group>";
		};
		DEAF68781EF1AECF00F2F565 = {
			isa = PBXGroup;
			children = (
				DEAF68831EF1AECF00F2F565 /* GitHubRepos */,
				DEAF68821EF1AECF00F2F565 /* Products */,
				94029A0228E0DEFF31F0E3D3 /* Pods */,
				60367DE4F99C887F24870C86 /* Frameworks */,
			);
			sourceTree = "<group>";
		};
		DEAF68821EF1AECF00F2F565 /* Products */ = {
			isa = PBXGroup;
			children = (
				DEAF68811EF1AECF00F2F565 /* GitHubRepos.app */,
			);
			name = Products;
			sourceTree = "<group>";
		};
		DEAF68831EF1AECF00F2F565 /* GitHubRepos */ = {
			isa = PBXGroup;
			children = (
				DEAF68A21EF1C54100F2F565 /* Models */,
				DEAF689D1EF1BA6D00F2F565 /* Views */,
				DEAF68981EF1AF7A00F2F565 /* ViewControllers */,
				DEAF689C1EF1B89D00F2F565 /* Managers */,
				DEAF68991EF1AF8D00F2F565 /* Other */,
			);
			path = GitHubRepos;
			sourceTree = "<group>";
		};
		DEAF68981EF1AF7A00F2F565 /* ViewControllers */ = {
			isa = PBXGroup;
			children = (
				DEAF68961EF1AF6B00F2F565 /* ReposViewController.swift */,
				DEAF68A71EF32DD400F2F565 /* RepoDetailViewController.swift */,
			);
			name = ViewControllers;
			sourceTree = "<group>";
		};
		DEAF68991EF1AF8D00F2F565 /* Other */ = {
			isa = PBXGroup;
			children = (
				DEAF68841EF1AECF00F2F565 /* AppDelegate.swift */,
				DEAF688B1EF1AECF00F2F565 /* Assets.xcassets */,
				DEAF688D1EF1AECF00F2F565 /* LaunchScreen.storyboard */,
				DEAF68901EF1AECF00F2F565 /* Info.plist */,
			);
			name = Other;
			sourceTree = "<group>";
		};
		DEAF689C1EF1B89D00F2F565 /* Managers */ = {
			isa = PBXGroup;
			children = (
				DEAF689A1EF1B89500F2F565 /* APIManager.swift */,
				DEAF68A51EF1D0F700F2F565 /* DataManager.swift */,
				DEAF68AD1EF41AC500F2F565 /* IssueDataManager.swift */,
			);
			name = Managers;
			sourceTree = "<group>";
		};
		DEAF689D1EF1BA6D00F2F565 /* Views */ = {
			isa = PBXGroup;
			children = (
				DEAF689E1EF1BA8A00F2F565 /* RepoTableViewCell.swift */,
				DEAF68B71EF4438900F2F565 /* RepoDetailView.swift */,
				DEAF68BB1EF4666400F2F565 /* DetailSegmentedControl.swift */,
				DEAF68BF1EF47ECD00F2F565 /* PRIssueTableViewCell.swift */,
				DE1162D81EF4963200F1B44B /* EmptyStateView.swift */,
				DEAD519B1EF56550002486B1 /* DetailLabel.swift */,
			);
			name = Views;
			sourceTree = "<group>";
		};
		DEAF68A21EF1C54100F2F565 /* Models */ = {
			isa = PBXGroup;
			children = (
				DEAF68A01EF1C1D300F2F565 /* Repo.swift */,
				DEAF68A31EF1C62900F2F565 /* User.swift */,
				DEAF68AB1EF40EE700F2F565 /* Issue.swift */,
				DEAF68A91EF34BBC00F2F565 /* Link.swift */,
			);
			name = Models;
			sourceTree = "<group>";
		};
/* End PBXGroup section */

/* Begin PBXNativeTarget section */
		DEAF68801EF1AECF00F2F565 /* GitHubRepos */ = {
			isa = PBXNativeTarget;
			buildConfigurationList = DEAF68931EF1AECF00F2F565 /* Build configuration list for PBXNativeTarget "GitHubRepos" */;
			buildPhases = (
				2260AF5FD12933CB60B83F17 /* [CP] Check Pods Manifest.lock */,
				DEAF687D1EF1AECF00F2F565 /* Sources */,
				DEAF687E1EF1AECF00F2F565 /* Frameworks */,
				DEAF687F1EF1AECF00F2F565 /* Resources */,
				EAD2A1E155864E53DEF96DB7 /* [CP] Embed Pods Frameworks */,
				C0FDF7BAF61A73C7D69963D7 /* [CP] Copy Pods Resources */,
			);
			buildRules = (
			);
			dependencies = (
			);
			name = GitHubRepos;
			productName = GitHubRepos;
			productReference = DEAF68811EF1AECF00F2F565 /* GitHubRepos.app */;
			productType = "com.apple.product-type.application";
		};
/* End PBXNativeTarget section */

/* Begin PBXProject section */
		DEAF68791EF1AECF00F2F565 /* Project object */ = {
			isa = PBXProject;
			attributes = {
				LastSwiftUpdateCheck = 0830;
				LastUpgradeCheck = 0830;
				ORGANIZATIONNAME = seymotom;
				TargetAttributes = {
					DEAF68801EF1AECF00F2F565 = {
						CreatedOnToolsVersion = 8.3.3;
						DevelopmentTeam = P7Y3CKA76T;
						ProvisioningStyle = Automatic;
					};
				};
			};
			buildConfigurationList = DEAF687C1EF1AECF00F2F565 /* Build configuration list for PBXProject "GitHubRepos" */;
			compatibilityVersion = "Xcode 3.2";
			developmentRegion = English;
			hasScannedForEncodings = 0;
			knownRegions = (
				en,
				Base,
			);
			mainGroup = DEAF68781EF1AECF00F2F565;
			productRefGroup = DEAF68821EF1AECF00F2F565 /* Products */;
			projectDirPath = "";
			projectRoot = "";
			targets = (
				DEAF68801EF1AECF00F2F565 /* GitHubRepos */,
			);
		};
/* End PBXProject section */

/* Begin PBXResourcesBuildPhase section */
		DEAF687F1EF1AECF00F2F565 /* Resources */ = {
			isa = PBXResourcesBuildPhase;
			buildActionMask = 2147483647;
			files = (
				DEAF688F1EF1AECF00F2F565 /* LaunchScreen.storyboard in Resources */,
				DEAF688C1EF1AECF00F2F565 /* Assets.xcassets in Resources */,
			);
			runOnlyForDeploymentPostprocessing = 0;
		};
/* End PBXResourcesBuildPhase section */

/* Begin PBXShellScriptBuildPhase section */
		2260AF5FD12933CB60B83F17 /* [CP] Check Pods Manifest.lock */ = {
			isa = PBXShellScriptBuildPhase;
			buildActionMask = 2147483647;
			files = (
			);
			inputPaths = (
			);
			name = "[CP] Check Pods Manifest.lock";
			outputPaths = (
			);
			runOnlyForDeploymentPostprocessing = 0;
			shellPath = /bin/sh;
			shellScript = "diff \"${PODS_PODFILE_DIR_PATH}/Podfile.lock\" \"${PODS_ROOT}/Manifest.lock\" > /dev/null\nif [ $? != 0 ] ; then\n    # print error to STDERR\n    echo \"error: The sandbox is not in sync with the Podfile.lock. Run 'pod install' or update your CocoaPods installation.\" >&2\n    exit 1\nfi\n";
			showEnvVarsInLog = 0;
		};
		C0FDF7BAF61A73C7D69963D7 /* [CP] Copy Pods Resources */ = {
			isa = PBXShellScriptBuildPhase;
			buildActionMask = 2147483647;
			files = (
			);
			inputPaths = (
			);
			name = "[CP] Copy Pods Resources";
			outputPaths = (
			);
			runOnlyForDeploymentPostprocessing = 0;
			shellPath = /bin/sh;
			shellScript = "\"${SRCROOT}/Pods/Target Support Files/Pods-GitHubRepos/Pods-GitHubRepos-resources.sh\"\n";
			showEnvVarsInLog = 0;
		};
		EAD2A1E155864E53DEF96DB7 /* [CP] Embed Pods Frameworks */ = {
			isa = PBXShellScriptBuildPhase;
			buildActionMask = 2147483647;
			files = (
			);
			inputPaths = (
			);
			name = "[CP] Embed Pods Frameworks";
			outputPaths = (
			);
			runOnlyForDeploymentPostprocessing = 0;
			shellPath = /bin/sh;
			shellScript = "\"${SRCROOT}/Pods/Target Support Files/Pods-GitHubRepos/Pods-GitHubRepos-frameworks.sh\"\n";
			showEnvVarsInLog = 0;
		};
/* End PBXShellScriptBuildPhase section */

/* Begin PBXSourcesBuildPhase section */
		DEAF687D1EF1AECF00F2F565 /* Sources */ = {
			isa = PBXSourcesBuildPhase;
			buildActionMask = 2147483647;
			files = (
				DEAF689B1EF1B89500F2F565 /* APIManager.swift in Sources */,
				DEAF68AE1EF41AC500F2F565 /* IssueDataManager.swift in Sources */,
				DEAF68A81EF32DD400F2F565 /* RepoDetailViewController.swift in Sources */,
				DEAF68C01EF47ECD00F2F565 /* PRIssueTableViewCell.swift in Sources */,
				DE1162D91EF4963200F1B44B /* EmptyStateView.swift in Sources */,
				DEAF68971EF1AF6B00F2F565 /* ReposViewController.swift in Sources */,
				DEAF68BC1EF4666500F2F565 /* DetailSegmentedControl.swift in Sources */,
				DEAF68B81EF4438900F2F565 /* RepoDetailView.swift in Sources */,
				DEAF68A41EF1C62900F2F565 /* User.swift in Sources */,
				DEAF68A61EF1D0F700F2F565 /* DataManager.swift in Sources */,
				DEAF68AC1EF40EE700F2F565 /* Issue.swift in Sources */,
				DEAF68A11EF1C1D300F2F565 /* Repo.swift in Sources */,
				DEAF68AA1EF34BBC00F2F565 /* Link.swift in Sources */,
				DEAF68851EF1AECF00F2F565 /* AppDelegate.swift in Sources */,
				DEAF689F1EF1BA8A00F2F565 /* RepoTableViewCell.swift in Sources */,
				DEAD519C1EF56550002486B1 /* DetailLabel.swift in Sources */,
			);
			runOnlyForDeploymentPostprocessing = 0;
		};
/* End PBXSourcesBuildPhase section */

/* Begin PBXVariantGroup section */
		DEAF688D1EF1AECF00F2F565 /* LaunchScreen.storyboard */ = {
			isa = PBXVariantGroup;
			children = (
				DEAF688E1EF1AECF00F2F565 /* Base */,
			);
			name = LaunchScreen.storyboard;
			sourceTree = "<group>";
		};
/* End PBXVariantGroup section */

/* Begin XCBuildConfiguration section */
		DEAF68911EF1AECF00F2F565 /* Debug */ = {
			isa = XCBuildConfiguration;
			buildSettings = {
				ALWAYS_SEARCH_USER_PATHS = NO;
				CLANG_ANALYZER_NONNULL = YES;
				CLANG_ANALYZER_NUMBER_OBJECT_CONVERSION = YES_AGGRESSIVE;
				CLANG_CXX_LANGUAGE_STANDARD = "gnu++0x";
				CLANG_CXX_LIBRARY = "libc++";
				CLANG_ENABLE_MODULES = YES;
				CLANG_ENABLE_OBJC_ARC = YES;
				CLANG_WARN_BOOL_CONVERSION = YES;
				CLANG_WARN_CONSTANT_CONVERSION = YES;
				CLANG_WARN_DIRECT_OBJC_ISA_USAGE = YES_ERROR;
				CLANG_WARN_DOCUMENTATION_COMMENTS = YES;
				CLANG_WARN_EMPTY_BODY = YES;
				CLANG_WARN_ENUM_CONVERSION = YES;
				CLANG_WARN_INFINITE_RECURSION = YES;
				CLANG_WARN_INT_CONVERSION = YES;
				CLANG_WARN_OBJC_ROOT_CLASS = YES_ERROR;
				CLANG_WARN_SUSPICIOUS_MOVE = YES;
				CLANG_WARN_UNREACHABLE_CODE = YES;
				CLANG_WARN__DUPLICATE_METHOD_MATCH = YES;
				"CODE_SIGN_IDENTITY[sdk=iphoneos*]" = "iPhone Developer";
				COPY_PHASE_STRIP = NO;
				DEBUG_INFORMATION_FORMAT = dwarf;
				ENABLE_STRICT_OBJC_MSGSEND = YES;
				ENABLE_TESTABILITY = YES;
				GCC_C_LANGUAGE_STANDARD = gnu99;
				GCC_DYNAMIC_NO_PIC = NO;
				GCC_NO_COMMON_BLOCKS = YES;
				GCC_OPTIMIZATION_LEVEL = 0;
				GCC_PREPROCESSOR_DEFINITIONS = (
					"DEBUG=1",
					"$(inherited)",
				);
				GCC_WARN_64_TO_32_BIT_CONVERSION = YES;
				GCC_WARN_ABOUT_RETURN_TYPE = YES_ERROR;
				GCC_WARN_UNDECLARED_SELECTOR = YES;
				GCC_WARN_UNINITIALIZED_AUTOS = YES_AGGRESSIVE;
				GCC_WARN_UNUSED_FUNCTION = YES;
				GCC_WARN_UNUSED_VARIABLE = YES;
				IPHONEOS_DEPLOYMENT_TARGET = 10.3;
				MTL_ENABLE_DEBUG_INFO = YES;
				ONLY_ACTIVE_ARCH = YES;
				SDKROOT = iphoneos;
				SWIFT_ACTIVE_COMPILATION_CONDITIONS = DEBUG;
				SWIFT_OPTIMIZATION_LEVEL = "-Onone";
				TARGETED_DEVICE_FAMILY = "1,2";
			};
			name = Debug;
		};
		DEAF68921EF1AECF00F2F565 /* Release */ = {
			isa = XCBuildConfiguration;
			buildSettings = {
				ALWAYS_SEARCH_USER_PATHS = NO;
				CLANG_ANALYZER_NONNULL = YES;
				CLANG_ANALYZER_NUMBER_OBJECT_CONVERSION = YES_AGGRESSIVE;
				CLANG_CXX_LANGUAGE_STANDARD = "gnu++0x";
				CLANG_CXX_LIBRARY = "libc++";
				CLANG_ENABLE_MODULES = YES;
				CLANG_ENABLE_OBJC_ARC = YES;
				CLANG_WARN_BOOL_CONVERSION = YES;
				CLANG_WARN_CONSTANT_CONVERSION = YES;
				CLANG_WARN_DIRECT_OBJC_ISA_USAGE = YES_ERROR;
				CLANG_WARN_DOCUMENTATION_COMMENTS = YES;
				CLANG_WARN_EMPTY_BODY = YES;
				CLANG_WARN_ENUM_CONVERSION = YES;
				CLANG_WARN_INFINITE_RECURSION = YES;
				CLANG_WARN_INT_CONVERSION = YES;
				CLANG_WARN_OBJC_ROOT_CLASS = YES_ERROR;
				CLANG_WARN_SUSPICIOUS_MOVE = YES;
				CLANG_WARN_UNREACHABLE_CODE = YES;
				CLANG_WARN__DUPLICATE_METHOD_MATCH = YES;
				"CODE_SIGN_IDENTITY[sdk=iphoneos*]" = "iPhone Developer";
				COPY_PHASE_STRIP = NO;
				DEBUG_INFORMATION_FORMAT = "dwarf-with-dsym";
				ENABLE_NS_ASSERTIONS = NO;
				ENABLE_STRICT_OBJC_MSGSEND = YES;
				GCC_C_LANGUAGE_STANDARD = gnu99;
				GCC_NO_COMMON_BLOCKS = YES;
				GCC_WARN_64_TO_32_BIT_CONVERSION = YES;
				GCC_WARN_ABOUT_RETURN_TYPE = YES_ERROR;
				GCC_WARN_UNDECLARED_SELECTOR = YES;
				GCC_WARN_UNINITIALIZED_AUTOS = YES_AGGRESSIVE;
				GCC_WARN_UNUSED_FUNCTION = YES;
				GCC_WARN_UNUSED_VARIABLE = YES;
				IPHONEOS_DEPLOYMENT_TARGET = 10.3;
				MTL_ENABLE_DEBUG_INFO = NO;
				SDKROOT = iphoneos;
				SWIFT_OPTIMIZATION_LEVEL = "-Owholemodule";
				TARGETED_DEVICE_FAMILY = "1,2";
				VALIDATE_PRODUCT = YES;
			};
			name = Release;
		};
		DEAF68941EF1AECF00F2F565 /* Debug */ = {
			isa = XCBuildConfiguration;
			baseConfigurationReference = 579DCC13EDDCDEA1C7754D82 /* Pods-GitHubRepos.debug.xcconfig */;
			buildSettings = {
				ASSETCATALOG_COMPILER_APPICON_NAME = AppIcon;
				DEVELOPMENT_TEAM = P7Y3CKA76T;
				INFOPLIST_FILE = GitHubRepos/Info.plist;
				LD_RUNPATH_SEARCH_PATHS = "$(inherited) @executable_path/Frameworks";
				PRODUCT_BUNDLE_IDENTIFIER = seymotom.GitHubRepos;
				PRODUCT_NAME = "$(TARGET_NAME)";
				SWIFT_VERSION = 3.0;
			};
			name = Debug;
		};
		DEAF68951EF1AECF00F2F565 /* Release */ = {
			isa = XCBuildConfiguration;
			baseConfigurationReference = B8D7872BC7719068EF402219 /* Pods-GitHubRepos.release.xcconfig */;
			buildSettings = {
				ASSETCATALOG_COMPILER_APPICON_NAME = AppIcon;
				DEVELOPMENT_TEAM = P7Y3CKA76T;
				INFOPLIST_FILE = GitHubRepos/Info.plist;
				LD_RUNPATH_SEARCH_PATHS = "$(inherited) @executable_path/Frameworks";
				PRODUCT_BUNDLE_IDENTIFIER = seymotom.GitHubRepos;
				PRODUCT_NAME = "$(TARGET_NAME)";
				SWIFT_VERSION = 3.0;
			};
			name = Release;
		};
/* End XCBuildConfiguration section */

/* Begin XCConfigurationList section */
		DEAF687C1EF1AECF00F2F565 /* Build configuration list for PBXProject "GitHubRepos" */ = {
			isa = XCConfigurationList;
			buildConfigurations = (
				DEAF68911EF1AECF00F2F565 /* Debug */,
				DEAF68921EF1AECF00F2F565 /* Release */,
			);
			defaultConfigurationIsVisible = 0;
			defaultConfigurationName = Release;
		};
		DEAF68931EF1AECF00F2F565 /* Build configuration list for PBXNativeTarget "GitHubRepos" */ = {
			isa = XCConfigurationList;
			buildConfigurations = (
				DEAF68941EF1AECF00F2F565 /* Debug */,
				DEAF68951EF1AECF00F2F565 /* Release */,
			);
			defaultConfigurationIsVisible = 0;
			defaultConfigurationName = Release;
		};
/* End XCConfigurationList section */
	};
	rootObject = DEAF68791EF1AECF00F2F565 /* Project object */;
}
